
Microsoft Visual Studio Solution File, Format Version 12.00
# Visual Studio Version 17
VisualStudioVersion = 17.3.32825.248
MinimumVisualStudioVersion = 10.0.40219.1
Project("{FAE04EC0-301F-11D3-BF4B-00C04F79EFBC}") = "April26EntityFramework.Web", "April26EntityFramework.Web\April26EntityFramework.Web.csproj", "{21087DE2-81D7-445F-81A7-6CB2654249D1}"
EndProject
Project("{FAE04EC0-301F-11D3-BF4B-00C04F79EFBC}") = "April26EntityFramework.Data", "April26EntityFramework.Data\April26EntityFramework.Data.csproj", "{5413FF15-4DEE-436D-B771-654BBB18CCC3}"
EndProject
Global
	GlobalSection(SolutionConfigurationPlatforms) = preSolution
		Debug|Any CPU = Debug|Any CPU
		Release|Any CPU = Release|Any CPU
	EndGlobalSection
	GlobalSection(ProjectConfigurationPlatforms) = postSolution
		{21087DE2-81D7-445F-81A7-6CB2654249D1}.Debug|Any CPU.ActiveCfg = Debug|Any CPU
		{21087DE2-81D7-445F-81A7-6CB2654249D1}.Debug|Any CPU.Build.0 = Debug|Any CPU
		{21087DE2-81D7-445F-81A7-6CB2654249D1}.Release|Any CPU.ActiveCfg = Release|Any CPU
		{21087DE2-81D7-445F-81A7-6CB2654249D1}.Release|Any CPU.Build.0 = Release|Any CPU
		{5413FF15-4DEE-436D-B771-654BBB18CCC3}.Debug|Any CPU.ActiveCfg = Debug|Any CPU
		{5413FF15-4DEE-436D-B771-654BBB18CCC3}.Debug|Any CPU.Build.0 = Debug|Any CPU
		{5413FF15-4DEE-436D-B771-654BBB18CCC3}.Release|Any CPU.ActiveCfg = Release|Any CPU
		{5413FF15-4DEE-436D-B771-654BBB18CCC3}.Release|Any CPU.Build.0 = Release|Any CPU
	EndGlobalSection
	GlobalSection(SolutionProperties) = preSolution
		HideSolutionNode = FALSE
	EndGlobalSection
	GlobalSection(ExtensibilityGlobals) = postSolution
		SolutionGuid = {C74BA5E4-C647-43D5-A40F-00B2CD7FC4ED}
	EndGlobalSection
EndGlobal
